
Microsoft Visual Studio Solution File, Format Version 12.00
# Visual Studio Version 16
VisualStudioVersion = 16.0.31729.503
MinimumVisualStudioVersion = 10.0.40219.1
Project("{9A19103F-16F7-4668-BE54-9A1E7A4F7556}") = "BoxOfT", "01.Box\BoxOfT.csproj", "{BEE6A9D5-D53C-4198-AA4E-D7D49ACEAE3E}"
EndProject
Project("{9A19103F-16F7-4668-BE54-9A1E7A4F7556}") = "GenericArrayCreator", "02.ArrayCreator\GenericArrayCreator.csproj", "{41CA21F3-4DDF-41C1-8DE8-244BBD9393F8}"
EndProject
Project("{9A19103F-16F7-4668-BE54-9A1E7A4F7556}") = "GenericScale", "GenericScale\GenericScale.csproj", "{84F21FA7-B9AF-474B-A045-59205D1EA7B5}"
EndProject
Project("{9A19103F-16F7-4668-BE54-9A1E7A4F7556}") = "GenericBoxPfString", "GenericBoxPfString\GenericBoxPfString.csproj", "{3259FDE8-2B0E-4F2B-A3F9-217253575C9F}"
EndProject
Project("{FAE04EC0-301F-11D3-BF4B-00C04F79EFBC}") = "Tuple", "Tuple\Tuple.csproj", "{5C39BFAE-7B57-41A7-9A4E-0DBA8EB12A43}"
EndProject
Global
	GlobalSection(SolutionConfigurationPlatforms) = preSolution
		Debug|Any CPU = Debug|Any CPU
		Release|Any CPU = Release|Any CPU
	EndGlobalSection
	GlobalSection(ProjectConfigurationPlatforms) = postSolution
		{BEE6A9D5-D53C-4198-AA4E-D7D49ACEAE3E}.Debug|Any CPU.ActiveCfg = Debug|Any CPU
		{BEE6A9D5-D53C-4198-AA4E-D7D49ACEAE3E}.Debug|Any CPU.Build.0 = Debug|Any CPU
		{BEE6A9D5-D53C-4198-AA4E-D7D49ACEAE3E}.Release|Any CPU.ActiveCfg = Release|Any CPU
		{BEE6A9D5-D53C-4198-AA4E-D7D49ACEAE3E}.Release|Any CPU.Build.0 = Release|Any CPU
		{41CA21F3-4DDF-41C1-8DE8-244BBD9393F8}.Debug|Any CPU.ActiveCfg = Debug|Any CPU
		{41CA21F3-4DDF-41C1-8DE8-244BBD9393F8}.Debug|Any CPU.Build.0 = Debug|Any CPU
		{41CA21F3-4DDF-41C1-8DE8-244BBD9393F8}.Release|Any CPU.ActiveCfg = Release|Any CPU
		{41CA21F3-4DDF-41C1-8DE8-244BBD9393F8}.Release|Any CPU.Build.0 = Release|Any CPU
		{84F21FA7-B9AF-474B-A045-59205D1EA7B5}.Debug|Any CPU.ActiveCfg = Debug|Any CPU
		{84F21FA7-B9AF-474B-A045-59205D1EA7B5}.Debug|Any CPU.Build.0 = Debug|Any CPU
		{84F21FA7-B9AF-474B-A045-59205D1EA7B5}.Release|Any CPU.ActiveCfg = Release|Any CPU
		{84F21FA7-B9AF-474B-A045-59205D1EA7B5}.Release|Any CPU.Build.0 = Release|Any CPU
		{3259FDE8-2B0E-4F2B-A3F9-217253575C9F}.Debug|Any CPU.ActiveCfg = Debug|Any CPU
		{3259FDE8-2B0E-4F2B-A3F9-217253575C9F}.Debug|Any CPU.Build.0 = Debug|Any CPU
		{3259FDE8-2B0E-4F2B-A3F9-217253575C9F}.Release|Any CPU.ActiveCfg = Release|Any CPU
		{3259FDE8-2B0E-4F2B-A3F9-217253575C9F}.Release|Any CPU.Build.0 = Release|Any CPU
		{5C39BFAE-7B57-41A7-9A4E-0DBA8EB12A43}.Debug|Any CPU.ActiveCfg = Debug|Any CPU
		{5C39BFAE-7B57-41A7-9A4E-0DBA8EB12A43}.Debug|Any CPU.Build.0 = Debug|Any CPU
		{5C39BFAE-7B57-41A7-9A4E-0DBA8EB12A43}.Release|Any CPU.ActiveCfg = Release|Any CPU
		{5C39BFAE-7B57-41A7-9A4E-0DBA8EB12A43}.Release|Any CPU.Build.0 = Release|Any CPU
	EndGlobalSection
	GlobalSection(SolutionProperties) = preSolution
		HideSolutionNode = FALSE
	EndGlobalSection
	GlobalSection(ExtensibilityGlobals) = postSolution
		SolutionGuid = {B62D6A65-C317-4142-AFE0-F715263B2DFF}
	EndGlobalSection
EndGlobal
