
Microsoft Visual Studio Solution File, Format Version 12.00
# Visual Studio Version 16
VisualStudioVersion = 16.0.31729.503
MinimumVisualStudioVersion = 10.0.40219.1
Project("{9A19103F-16F7-4668-BE54-9A1E7A4F7556}") = "01.Recursion", "01.Recursion\01.Recursion.csproj", "{AC24D3F7-1322-4FFA-A7BB-BEE8F54FBAA6}"
EndProject
Project("{9A19103F-16F7-4668-BE54-9A1E7A4F7556}") = "02.RecursiveFactorial", "02.2. RecursiveFactorial\02.RecursiveFactorial.csproj", "{9A1B7F21-48F6-4FF2-9252-87FEC88BA2A3}"
EndProject
Project("{9A19103F-16F7-4668-BE54-9A1E7A4F7556}") = "03.SumOfCoins", "03.SumOfCoins\03.SumOfCoins.csproj", "{06A3FCFA-65CF-4FAC-904A-1BF0CE33AEEB}"
EndProject
Project("{9A19103F-16F7-4668-BE54-9A1E7A4F7556}") = "SetCover", "C:\Users\peter\Downloads\04. Set Cover_Skeleton\SetCover\SetCover.csproj", "{BF55DE8F-6CC6-4B65-A154-5B746321FFF4}"
EndProject
Global
	GlobalSection(SolutionConfigurationPlatforms) = preSolution
		Debug|Any CPU = Debug|Any CPU
		Release|Any CPU = Release|Any CPU
	EndGlobalSection
	GlobalSection(ProjectConfigurationPlatforms) = postSolution
		{AC24D3F7-1322-4FFA-A7BB-BEE8F54FBAA6}.Debug|Any CPU.ActiveCfg = Debug|Any CPU
		{AC24D3F7-1322-4FFA-A7BB-BEE8F54FBAA6}.Debug|Any CPU.Build.0 = Debug|Any CPU
		{AC24D3F7-1322-4FFA-A7BB-BEE8F54FBAA6}.Release|Any CPU.ActiveCfg = Release|Any CPU
		{AC24D3F7-1322-4FFA-A7BB-BEE8F54FBAA6}.Release|Any CPU.Build.0 = Release|Any CPU
		{9A1B7F21-48F6-4FF2-9252-87FEC88BA2A3}.Debug|Any CPU.ActiveCfg = Debug|Any CPU
		{9A1B7F21-48F6-4FF2-9252-87FEC88BA2A3}.Debug|Any CPU.Build.0 = Debug|Any CPU
		{9A1B7F21-48F6-4FF2-9252-87FEC88BA2A3}.Release|Any CPU.ActiveCfg = Release|Any CPU
		{9A1B7F21-48F6-4FF2-9252-87FEC88BA2A3}.Release|Any CPU.Build.0 = Release|Any CPU
		{06A3FCFA-65CF-4FAC-904A-1BF0CE33AEEB}.Debug|Any CPU.ActiveCfg = Debug|Any CPU
		{06A3FCFA-65CF-4FAC-904A-1BF0CE33AEEB}.Debug|Any CPU.Build.0 = Debug|Any CPU
		{06A3FCFA-65CF-4FAC-904A-1BF0CE33AEEB}.Release|Any CPU.ActiveCfg = Release|Any CPU
		{06A3FCFA-65CF-4FAC-904A-1BF0CE33AEEB}.Release|Any CPU.Build.0 = Release|Any CPU
		{BF55DE8F-6CC6-4B65-A154-5B746321FFF4}.Debug|Any CPU.ActiveCfg = Debug|Any CPU
		{BF55DE8F-6CC6-4B65-A154-5B746321FFF4}.Debug|Any CPU.Build.0 = Debug|Any CPU
		{BF55DE8F-6CC6-4B65-A154-5B746321FFF4}.Release|Any CPU.ActiveCfg = Release|Any CPU
		{BF55DE8F-6CC6-4B65-A154-5B746321FFF4}.Release|Any CPU.Build.0 = Release|Any CPU
	EndGlobalSection
	GlobalSection(SolutionProperties) = preSolution
		HideSolutionNode = FALSE
	EndGlobalSection
	GlobalSection(ExtensibilityGlobals) = postSolution
		SolutionGuid = {D34C3E58-DAF1-4147-B674-3C3C2D562C7C}
	EndGlobalSection
EndGlobal
