
Microsoft Visual Studio Solution File, Format Version 12.00
# Visual Studio Version 16
VisualStudioVersion = 16.0.31729.503
MinimumVisualStudioVersion = 10.0.40219.1
Project("{9A19103F-16F7-4668-BE54-9A1E7A4F7556}") = "01.OddLines", "01.OddLines\01.OddLines.csproj", "{97FD5C23-29CF-49B4-A296-8FDB0D2186A2}"
EndProject
Project("{9A19103F-16F7-4668-BE54-9A1E7A4F7556}") = "02.LineNumbers", "02.LineNumbers\02.LineNumbers.csproj", "{59B03D2C-7AAE-4DAE-A6B4-6A037B79151B}"
EndProject
Project("{9A19103F-16F7-4668-BE54-9A1E7A4F7556}") = "03.WordCount", "03.WordCount\03.WordCount.csproj", "{B292838E-D55A-4FF7-991D-A31B075A1B9F}"
EndProject
Project("{9A19103F-16F7-4668-BE54-9A1E7A4F7556}") = "05.SliceAFile", "05.SliceAFile\05.SliceAFile.csproj", "{54232A4D-8D4E-4439-BF83-5E25365CF10D}"
EndProject
Project("{9A19103F-16F7-4668-BE54-9A1E7A4F7556}") = "04.MergeFiles", "04.MergeFiles\04.MergeFiles.csproj", "{71A6FA4C-F198-4533-8DCE-43A603A2A132}"
EndProject
Project("{9A19103F-16F7-4668-BE54-9A1E7A4F7556}") = "06.FolderSize", "06.FolderSize\06.FolderSize.csproj", "{B713FF42-955A-4233-BF05-5260243D8752}"
EndProject
Project("{9A19103F-16F7-4668-BE54-9A1E7A4F7556}") = "01.EvenLines", "01.EvenLines\01.EvenLines.csproj", "{BFFAD333-A1D9-4726-A7B2-91E3A5DED516}"
EndProject
Project("{9A19103F-16F7-4668-BE54-9A1E7A4F7556}") = "02.LineNumbers2", "02.LineNumbers2\02.LineNumbers2.csproj", "{F938B144-A6C9-4B77-A884-19F9CE46BFCD}"
EndProject
Project("{FAE04EC0-301F-11D3-BF4B-00C04F79EFBC}") = "03.WordCount2.0", "03.WordCount2.0\03.WordCount2.0.csproj", "{F04DFD84-7EE0-4C38-83A1-EC1509BED95C}"
EndProject
Project("{FAE04EC0-301F-11D3-BF4B-00C04F79EFBC}") = "04.CopyBinaryFile", "04.CopyBinaryFile\04.CopyBinaryFile.csproj", "{231E9B9D-0DC6-407B-B9E5-84E08932BCD0}"
EndProject
Global
	GlobalSection(SolutionConfigurationPlatforms) = preSolution
		Debug|Any CPU = Debug|Any CPU
		Release|Any CPU = Release|Any CPU
	EndGlobalSection
	GlobalSection(ProjectConfigurationPlatforms) = postSolution
		{97FD5C23-29CF-49B4-A296-8FDB0D2186A2}.Debug|Any CPU.ActiveCfg = Debug|Any CPU
		{97FD5C23-29CF-49B4-A296-8FDB0D2186A2}.Debug|Any CPU.Build.0 = Debug|Any CPU
		{97FD5C23-29CF-49B4-A296-8FDB0D2186A2}.Release|Any CPU.ActiveCfg = Release|Any CPU
		{97FD5C23-29CF-49B4-A296-8FDB0D2186A2}.Release|Any CPU.Build.0 = Release|Any CPU
		{59B03D2C-7AAE-4DAE-A6B4-6A037B79151B}.Debug|Any CPU.ActiveCfg = Debug|Any CPU
		{59B03D2C-7AAE-4DAE-A6B4-6A037B79151B}.Debug|Any CPU.Build.0 = Debug|Any CPU
		{59B03D2C-7AAE-4DAE-A6B4-6A037B79151B}.Release|Any CPU.ActiveCfg = Release|Any CPU
		{59B03D2C-7AAE-4DAE-A6B4-6A037B79151B}.Release|Any CPU.Build.0 = Release|Any CPU
		{B292838E-D55A-4FF7-991D-A31B075A1B9F}.Debug|Any CPU.ActiveCfg = Debug|Any CPU
		{B292838E-D55A-4FF7-991D-A31B075A1B9F}.Debug|Any CPU.Build.0 = Debug|Any CPU
		{B292838E-D55A-4FF7-991D-A31B075A1B9F}.Release|Any CPU.ActiveCfg = Release|Any CPU
		{B292838E-D55A-4FF7-991D-A31B075A1B9F}.Release|Any CPU.Build.0 = Release|Any CPU
		{54232A4D-8D4E-4439-BF83-5E25365CF10D}.Debug|Any CPU.ActiveCfg = Debug|Any CPU
		{54232A4D-8D4E-4439-BF83-5E25365CF10D}.Debug|Any CPU.Build.0 = Debug|Any CPU
		{54232A4D-8D4E-4439-BF83-5E25365CF10D}.Release|Any CPU.ActiveCfg = Release|Any CPU
		{54232A4D-8D4E-4439-BF83-5E25365CF10D}.Release|Any CPU.Build.0 = Release|Any CPU
		{71A6FA4C-F198-4533-8DCE-43A603A2A132}.Debug|Any CPU.ActiveCfg = Debug|Any CPU
		{71A6FA4C-F198-4533-8DCE-43A603A2A132}.Debug|Any CPU.Build.0 = Debug|Any CPU
		{71A6FA4C-F198-4533-8DCE-43A603A2A132}.Release|Any CPU.ActiveCfg = Release|Any CPU
		{71A6FA4C-F198-4533-8DCE-43A603A2A132}.Release|Any CPU.Build.0 = Release|Any CPU
		{B713FF42-955A-4233-BF05-5260243D8752}.Debug|Any CPU.ActiveCfg = Debug|Any CPU
		{B713FF42-955A-4233-BF05-5260243D8752}.Debug|Any CPU.Build.0 = Debug|Any CPU
		{B713FF42-955A-4233-BF05-5260243D8752}.Release|Any CPU.ActiveCfg = Release|Any CPU
		{B713FF42-955A-4233-BF05-5260243D8752}.Release|Any CPU.Build.0 = Release|Any CPU
		{BFFAD333-A1D9-4726-A7B2-91E3A5DED516}.Debug|Any CPU.ActiveCfg = Debug|Any CPU
		{BFFAD333-A1D9-4726-A7B2-91E3A5DED516}.Debug|Any CPU.Build.0 = Debug|Any CPU
		{BFFAD333-A1D9-4726-A7B2-91E3A5DED516}.Release|Any CPU.ActiveCfg = Release|Any CPU
		{BFFAD333-A1D9-4726-A7B2-91E3A5DED516}.Release|Any CPU.Build.0 = Release|Any CPU
		{F938B144-A6C9-4B77-A884-19F9CE46BFCD}.Debug|Any CPU.ActiveCfg = Debug|Any CPU
		{F938B144-A6C9-4B77-A884-19F9CE46BFCD}.Debug|Any CPU.Build.0 = Debug|Any CPU
		{F938B144-A6C9-4B77-A884-19F9CE46BFCD}.Release|Any CPU.ActiveCfg = Release|Any CPU
		{F938B144-A6C9-4B77-A884-19F9CE46BFCD}.Release|Any CPU.Build.0 = Release|Any CPU
		{F04DFD84-7EE0-4C38-83A1-EC1509BED95C}.Debug|Any CPU.ActiveCfg = Debug|Any CPU
		{F04DFD84-7EE0-4C38-83A1-EC1509BED95C}.Debug|Any CPU.Build.0 = Debug|Any CPU
		{F04DFD84-7EE0-4C38-83A1-EC1509BED95C}.Release|Any CPU.ActiveCfg = Release|Any CPU
		{F04DFD84-7EE0-4C38-83A1-EC1509BED95C}.Release|Any CPU.Build.0 = Release|Any CPU
		{231E9B9D-0DC6-407B-B9E5-84E08932BCD0}.Debug|Any CPU.ActiveCfg = Debug|Any CPU
		{231E9B9D-0DC6-407B-B9E5-84E08932BCD0}.Debug|Any CPU.Build.0 = Debug|Any CPU
		{231E9B9D-0DC6-407B-B9E5-84E08932BCD0}.Release|Any CPU.ActiveCfg = Release|Any CPU
		{231E9B9D-0DC6-407B-B9E5-84E08932BCD0}.Release|Any CPU.Build.0 = Release|Any CPU
	EndGlobalSection
	GlobalSection(SolutionProperties) = preSolution
		HideSolutionNode = FALSE
	EndGlobalSection
	GlobalSection(ExtensibilityGlobals) = postSolution
		SolutionGuid = {BB60D088-96C6-4ACD-B2ED-53F6653C113C}
	EndGlobalSection
EndGlobal
