
Microsoft Visual Studio Solution File, Format Version 12.00
# Visual Studio Version 16
VisualStudioVersion = 16.0.31729.503
MinimumVisualStudioVersion = 10.0.40219.1
Project("{9A19103F-16F7-4668-BE54-9A1E7A4F7556}") = "02StackSum", "2StackSum\02StackSum.csproj", "{37BEA3C5-745E-4C55-8E10-9C9106366617}"
EndProject
Project("{9A19103F-16F7-4668-BE54-9A1E7A4F7556}") = "03.SimpleCalculator", "03.SimpleCalculator\03.SimpleCalculator.csproj", "{9C3F76D0-3017-4636-9C6B-3615E88B8815}"
EndProject
Project("{9A19103F-16F7-4668-BE54-9A1E7A4F7556}") = "04.MatchingBrackets", "04.MatchingBrackets\04.MatchingBrackets.csproj", "{D89A37C9-B8F5-4A1D-91D7-123D65B3D6FE}"
EndProject
Project("{9A19103F-16F7-4668-BE54-9A1E7A4F7556}") = "05.PrintEvenNumbers", "05.PrintEvenNumbers\05.PrintEvenNumbers.csproj", "{B4009EBA-6E4B-491C-B092-49D13C316588}"
EndProject
Project("{9A19103F-16F7-4668-BE54-9A1E7A4F7556}") = "06.Supermarket", "06.Supermarket\06.Supermarket.csproj", "{569DABB6-34E6-4F70-8D35-AC0433866627}"
EndProject
Project("{9A19103F-16F7-4668-BE54-9A1E7A4F7556}") = "07.HotPotato", "07.HotPotato\07.HotPotato.csproj", "{34E3D6D3-3507-45FE-B54D-2B1F6E211DBD}"
EndProject
Project("{9A19103F-16F7-4668-BE54-9A1E7A4F7556}") = "08.TrafficJam", "08.TrafficJam\08.TrafficJam.csproj", "{FEBE84D6-2188-46D7-B260-2052071742E2}"
EndProject
Project("{FAE04EC0-301F-11D3-BF4B-00C04F79EFBC}") = "01.BasicStackOperations", "01.BasicStackOperations\01.BasicStackOperations.csproj", "{40EE6073-7420-4519-8D33-9DE1561CFF1F}"
EndProject
Project("{FAE04EC0-301F-11D3-BF4B-00C04F79EFBC}") = "02.BasicQueueOperations", "02.BasicQueueOperations\02.BasicQueueOperations.csproj", "{2AFDED0C-CB9E-49B0-810B-9694CB3A23FB}"
EndProject
Project("{FAE04EC0-301F-11D3-BF4B-00C04F79EFBC}") = "03.MaximumAndMinimumElement", "03.MaximumAndMinimumElement\03.MaximumAndMinimumElement.csproj", "{6745863C-5E38-4FD7-A689-E4D6BDF521A9}"
EndProject
Global
	GlobalSection(SolutionConfigurationPlatforms) = preSolution
		Debug|Any CPU = Debug|Any CPU
		Release|Any CPU = Release|Any CPU
	EndGlobalSection
	GlobalSection(ProjectConfigurationPlatforms) = postSolution
		{37BEA3C5-745E-4C55-8E10-9C9106366617}.Debug|Any CPU.ActiveCfg = Debug|Any CPU
		{37BEA3C5-745E-4C55-8E10-9C9106366617}.Debug|Any CPU.Build.0 = Debug|Any CPU
		{37BEA3C5-745E-4C55-8E10-9C9106366617}.Release|Any CPU.ActiveCfg = Release|Any CPU
		{37BEA3C5-745E-4C55-8E10-9C9106366617}.Release|Any CPU.Build.0 = Release|Any CPU
		{9C3F76D0-3017-4636-9C6B-3615E88B8815}.Debug|Any CPU.ActiveCfg = Debug|Any CPU
		{9C3F76D0-3017-4636-9C6B-3615E88B8815}.Debug|Any CPU.Build.0 = Debug|Any CPU
		{9C3F76D0-3017-4636-9C6B-3615E88B8815}.Release|Any CPU.ActiveCfg = Release|Any CPU
		{9C3F76D0-3017-4636-9C6B-3615E88B8815}.Release|Any CPU.Build.0 = Release|Any CPU
		{D89A37C9-B8F5-4A1D-91D7-123D65B3D6FE}.Debug|Any CPU.ActiveCfg = Debug|Any CPU
		{D89A37C9-B8F5-4A1D-91D7-123D65B3D6FE}.Debug|Any CPU.Build.0 = Debug|Any CPU
		{D89A37C9-B8F5-4A1D-91D7-123D65B3D6FE}.Release|Any CPU.ActiveCfg = Release|Any CPU
		{D89A37C9-B8F5-4A1D-91D7-123D65B3D6FE}.Release|Any CPU.Build.0 = Release|Any CPU
		{B4009EBA-6E4B-491C-B092-49D13C316588}.Debug|Any CPU.ActiveCfg = Debug|Any CPU
		{B4009EBA-6E4B-491C-B092-49D13C316588}.Debug|Any CPU.Build.0 = Debug|Any CPU
		{B4009EBA-6E4B-491C-B092-49D13C316588}.Release|Any CPU.ActiveCfg = Release|Any CPU
		{B4009EBA-6E4B-491C-B092-49D13C316588}.Release|Any CPU.Build.0 = Release|Any CPU
		{569DABB6-34E6-4F70-8D35-AC0433866627}.Debug|Any CPU.ActiveCfg = Debug|Any CPU
		{569DABB6-34E6-4F70-8D35-AC0433866627}.Debug|Any CPU.Build.0 = Debug|Any CPU
		{569DABB6-34E6-4F70-8D35-AC0433866627}.Release|Any CPU.ActiveCfg = Release|Any CPU
		{569DABB6-34E6-4F70-8D35-AC0433866627}.Release|Any CPU.Build.0 = Release|Any CPU
		{34E3D6D3-3507-45FE-B54D-2B1F6E211DBD}.Debug|Any CPU.ActiveCfg = Debug|Any CPU
		{34E3D6D3-3507-45FE-B54D-2B1F6E211DBD}.Debug|Any CPU.Build.0 = Debug|Any CPU
		{34E3D6D3-3507-45FE-B54D-2B1F6E211DBD}.Release|Any CPU.ActiveCfg = Release|Any CPU
		{34E3D6D3-3507-45FE-B54D-2B1F6E211DBD}.Release|Any CPU.Build.0 = Release|Any CPU
		{FEBE84D6-2188-46D7-B260-2052071742E2}.Debug|Any CPU.ActiveCfg = Debug|Any CPU
		{FEBE84D6-2188-46D7-B260-2052071742E2}.Debug|Any CPU.Build.0 = Debug|Any CPU
		{FEBE84D6-2188-46D7-B260-2052071742E2}.Release|Any CPU.ActiveCfg = Release|Any CPU
		{FEBE84D6-2188-46D7-B260-2052071742E2}.Release|Any CPU.Build.0 = Release|Any CPU
		{40EE6073-7420-4519-8D33-9DE1561CFF1F}.Debug|Any CPU.ActiveCfg = Debug|Any CPU
		{40EE6073-7420-4519-8D33-9DE1561CFF1F}.Debug|Any CPU.Build.0 = Debug|Any CPU
		{40EE6073-7420-4519-8D33-9DE1561CFF1F}.Release|Any CPU.ActiveCfg = Release|Any CPU
		{40EE6073-7420-4519-8D33-9DE1561CFF1F}.Release|Any CPU.Build.0 = Release|Any CPU
		{2AFDED0C-CB9E-49B0-810B-9694CB3A23FB}.Debug|Any CPU.ActiveCfg = Debug|Any CPU
		{2AFDED0C-CB9E-49B0-810B-9694CB3A23FB}.Debug|Any CPU.Build.0 = Debug|Any CPU
		{2AFDED0C-CB9E-49B0-810B-9694CB3A23FB}.Release|Any CPU.ActiveCfg = Release|Any CPU
		{2AFDED0C-CB9E-49B0-810B-9694CB3A23FB}.Release|Any CPU.Build.0 = Release|Any CPU
		{6745863C-5E38-4FD7-A689-E4D6BDF521A9}.Debug|Any CPU.ActiveCfg = Debug|Any CPU
		{6745863C-5E38-4FD7-A689-E4D6BDF521A9}.Debug|Any CPU.Build.0 = Debug|Any CPU
		{6745863C-5E38-4FD7-A689-E4D6BDF521A9}.Release|Any CPU.ActiveCfg = Release|Any CPU
		{6745863C-5E38-4FD7-A689-E4D6BDF521A9}.Release|Any CPU.Build.0 = Release|Any CPU
	EndGlobalSection
	GlobalSection(SolutionProperties) = preSolution
		HideSolutionNode = FALSE
	EndGlobalSection
	GlobalSection(ExtensibilityGlobals) = postSolution
		SolutionGuid = {66557F02-AEE9-45BE-97D2-168EA8A5A2AD}
	EndGlobalSection
EndGlobal
