
Microsoft Visual Studio Solution File, Format Version 12.00
# Visual Studio Version 16
VisualStudioVersion = 16.0.31729.503
MinimumVisualStudioVersion = 10.0.40219.1
Project("{FAE04EC0-301F-11D3-BF4B-00C04F79EFBC}") = "CustomList", "08.ImplementingStackAndQueue\CustomList.csproj", "{1926FD89-AC5C-4939-9DC3-A1A6B6A2D187}"
EndProject
Project("{FAE04EC0-301F-11D3-BF4B-00C04F79EFBC}") = "CustomStack", "CustomStack\CustomStack.csproj", "{C96790E1-E235-487B-A89C-8C98B270903F}"
EndProject
Project("{FAE04EC0-301F-11D3-BF4B-00C04F79EFBC}") = "CustomQueue", "CustomQueue\CustomQueue.csproj", "{E313DA78-0BB9-4FDB-9455-630878A31857}"
EndProject
Global
	GlobalSection(SolutionConfigurationPlatforms) = preSolution
		Debug|Any CPU = Debug|Any CPU
		Release|Any CPU = Release|Any CPU
	EndGlobalSection
	GlobalSection(ProjectConfigurationPlatforms) = postSolution
		{1926FD89-AC5C-4939-9DC3-A1A6B6A2D187}.Debug|Any CPU.ActiveCfg = Debug|Any CPU
		{1926FD89-AC5C-4939-9DC3-A1A6B6A2D187}.Debug|Any CPU.Build.0 = Debug|Any CPU
		{1926FD89-AC5C-4939-9DC3-A1A6B6A2D187}.Release|Any CPU.ActiveCfg = Release|Any CPU
		{1926FD89-AC5C-4939-9DC3-A1A6B6A2D187}.Release|Any CPU.Build.0 = Release|Any CPU
		{C96790E1-E235-487B-A89C-8C98B270903F}.Debug|Any CPU.ActiveCfg = Debug|Any CPU
		{C96790E1-E235-487B-A89C-8C98B270903F}.Debug|Any CPU.Build.0 = Debug|Any CPU
		{C96790E1-E235-487B-A89C-8C98B270903F}.Release|Any CPU.ActiveCfg = Release|Any CPU
		{C96790E1-E235-487B-A89C-8C98B270903F}.Release|Any CPU.Build.0 = Release|Any CPU
		{E313DA78-0BB9-4FDB-9455-630878A31857}.Debug|Any CPU.ActiveCfg = Debug|Any CPU
		{E313DA78-0BB9-4FDB-9455-630878A31857}.Debug|Any CPU.Build.0 = Debug|Any CPU
		{E313DA78-0BB9-4FDB-9455-630878A31857}.Release|Any CPU.ActiveCfg = Release|Any CPU
		{E313DA78-0BB9-4FDB-9455-630878A31857}.Release|Any CPU.Build.0 = Release|Any CPU
	EndGlobalSection
	GlobalSection(SolutionProperties) = preSolution
		HideSolutionNode = FALSE
	EndGlobalSection
	GlobalSection(ExtensibilityGlobals) = postSolution
		SolutionGuid = {2FC7AA1E-6283-4F5F-96E3-CC9B593AF292}
	EndGlobalSection
EndGlobal
