
Microsoft Visual Studio Solution File, Format Version 12.00
# Visual Studio Version 16
VisualStudioVersion = 16.0.31729.503
MinimumVisualStudioVersion = 10.0.40219.1
Project("{9A19103F-16F7-4668-BE54-9A1E7A4F7556}") = "01.Masterchef", "01.Masterchef\01.Masterchef.csproj", "{C57353BF-92EE-40ED-881C-E7F7E509B1E3}"
EndProject
Project("{9A19103F-16F7-4668-BE54-9A1E7A4F7556}") = "01.FoodFinder", "01.FoodFinder\01.FoodFinder.csproj", "{CA21E5D2-E96E-41DD-872B-4714C229DA5F}"
EndProject
Project("{9A19103F-16F7-4668-BE54-9A1E7A4F7556}") = "02.PawnWars", "02.PawnWars\02.PawnWars.csproj", "{309CF7B4-E270-4D37-B176-A505D09401E7}"
EndProject
Project("{9A19103F-16F7-4668-BE54-9A1E7A4F7556}") = "02.Survivor", "02.Survivor\02.Survivor.csproj", "{17F867B8-F3BF-4677-BB2F-0CA892F9D5B8}"
EndProject
Project("{9A19103F-16F7-4668-BE54-9A1E7A4F7556}") = "StreetRacing", "StreetRacing\StreetRacing.csproj", "{F4DE6759-898C-47B0-A5C8-2E5E6227E5CD}"
EndProject
Project("{FAE04EC0-301F-11D3-BF4B-00C04F79EFBC}") = "02.Survivorr", "02.Survivorr\02.Survivorr.csproj", "{626FA10B-246B-40E6-84A8-537DB682B3AF}"
EndProject
Project("{9A19103F-16F7-4668-BE54-9A1E7A4F7556}") = "SkiRental", "C:\Users\peter\Downloads\03. Ski Rental_Skeleton\SkiRental\SkiRental.csproj", "{B1F39528-E0A7-4834-AEF4-445FC5098DAF}"
EndProject
Global
	GlobalSection(SolutionConfigurationPlatforms) = preSolution
		Debug|Any CPU = Debug|Any CPU
		Release|Any CPU = Release|Any CPU
	EndGlobalSection
	GlobalSection(ProjectConfigurationPlatforms) = postSolution
		{C57353BF-92EE-40ED-881C-E7F7E509B1E3}.Debug|Any CPU.ActiveCfg = Debug|Any CPU
		{C57353BF-92EE-40ED-881C-E7F7E509B1E3}.Debug|Any CPU.Build.0 = Debug|Any CPU
		{C57353BF-92EE-40ED-881C-E7F7E509B1E3}.Release|Any CPU.ActiveCfg = Release|Any CPU
		{C57353BF-92EE-40ED-881C-E7F7E509B1E3}.Release|Any CPU.Build.0 = Release|Any CPU
		{CA21E5D2-E96E-41DD-872B-4714C229DA5F}.Debug|Any CPU.ActiveCfg = Debug|Any CPU
		{CA21E5D2-E96E-41DD-872B-4714C229DA5F}.Debug|Any CPU.Build.0 = Debug|Any CPU
		{CA21E5D2-E96E-41DD-872B-4714C229DA5F}.Release|Any CPU.ActiveCfg = Release|Any CPU
		{CA21E5D2-E96E-41DD-872B-4714C229DA5F}.Release|Any CPU.Build.0 = Release|Any CPU
		{309CF7B4-E270-4D37-B176-A505D09401E7}.Debug|Any CPU.ActiveCfg = Debug|Any CPU
		{309CF7B4-E270-4D37-B176-A505D09401E7}.Debug|Any CPU.Build.0 = Debug|Any CPU
		{309CF7B4-E270-4D37-B176-A505D09401E7}.Release|Any CPU.ActiveCfg = Release|Any CPU
		{309CF7B4-E270-4D37-B176-A505D09401E7}.Release|Any CPU.Build.0 = Release|Any CPU
		{17F867B8-F3BF-4677-BB2F-0CA892F9D5B8}.Debug|Any CPU.ActiveCfg = Debug|Any CPU
		{17F867B8-F3BF-4677-BB2F-0CA892F9D5B8}.Debug|Any CPU.Build.0 = Debug|Any CPU
		{17F867B8-F3BF-4677-BB2F-0CA892F9D5B8}.Release|Any CPU.ActiveCfg = Release|Any CPU
		{17F867B8-F3BF-4677-BB2F-0CA892F9D5B8}.Release|Any CPU.Build.0 = Release|Any CPU
		{F4DE6759-898C-47B0-A5C8-2E5E6227E5CD}.Debug|Any CPU.ActiveCfg = Debug|Any CPU
		{F4DE6759-898C-47B0-A5C8-2E5E6227E5CD}.Debug|Any CPU.Build.0 = Debug|Any CPU
		{F4DE6759-898C-47B0-A5C8-2E5E6227E5CD}.Release|Any CPU.ActiveCfg = Release|Any CPU
		{F4DE6759-898C-47B0-A5C8-2E5E6227E5CD}.Release|Any CPU.Build.0 = Release|Any CPU
		{626FA10B-246B-40E6-84A8-537DB682B3AF}.Debug|Any CPU.ActiveCfg = Debug|Any CPU
		{626FA10B-246B-40E6-84A8-537DB682B3AF}.Debug|Any CPU.Build.0 = Debug|Any CPU
		{626FA10B-246B-40E6-84A8-537DB682B3AF}.Release|Any CPU.ActiveCfg = Release|Any CPU
		{626FA10B-246B-40E6-84A8-537DB682B3AF}.Release|Any CPU.Build.0 = Release|Any CPU
		{B1F39528-E0A7-4834-AEF4-445FC5098DAF}.Debug|Any CPU.ActiveCfg = Debug|Any CPU
		{B1F39528-E0A7-4834-AEF4-445FC5098DAF}.Debug|Any CPU.Build.0 = Debug|Any CPU
		{B1F39528-E0A7-4834-AEF4-445FC5098DAF}.Release|Any CPU.ActiveCfg = Release|Any CPU
		{B1F39528-E0A7-4834-AEF4-445FC5098DAF}.Release|Any CPU.Build.0 = Release|Any CPU
	EndGlobalSection
	GlobalSection(SolutionProperties) = preSolution
		HideSolutionNode = FALSE
	EndGlobalSection
	GlobalSection(ExtensibilityGlobals) = postSolution
		SolutionGuid = {CAC48D27-A9AC-49DD-A167-F88120869FA2}
	EndGlobalSection
EndGlobal
